
Microsoft Visual Studio Solution File, Format Version 12.00
# Visual Studio Version 17
VisualStudioVersion = 17.1.32319.34
MinimumVisualStudioVersion = 10.0.40219.1
Project("{FAE04EC0-301F-11D3-BF4B-00C04F79EFBC}") = "Alapmuveletek2", "Alapmuveletek2\Alapmuveletek2.csproj", "{20FA0A18-095F-4FDF-B4BA-1C99E7EF8AD1}"
EndProject
Global
	GlobalSection(SolutionConfigurationPlatforms) = preSolution
		Debug|Any CPU = Debug|Any CPU
		Release|Any CPU = Release|Any CPU
	EndGlobalSection
	GlobalSection(ProjectConfigurationPlatforms) = postSolution
		{20FA0A18-095F-4FDF-B4BA-1C99E7EF8AD1}.Debug|Any CPU.ActiveCfg = Debug|Any CPU
		{20FA0A18-095F-4FDF-B4BA-1C99E7EF8AD1}.Debug|Any CPU.Build.0 = Debug|Any CPU
		{20FA0A18-095F-4FDF-B4BA-1C99E7EF8AD1}.Release|Any CPU.ActiveCfg = Release|Any CPU
		{20FA0A18-095F-4FDF-B4BA-1C99E7EF8AD1}.Release|Any CPU.Build.0 = Release|Any CPU
	EndGlobalSection
	GlobalSection(SolutionProperties) = preSolution
		HideSolutionNode = FALSE
	EndGlobalSection
	GlobalSection(ExtensibilityGlobals) = postSolution
		SolutionGuid = {D75CA7DF-4112-4FBB-8603-7AC30416AF74}
	EndGlobalSection
EndGlobal
