
Microsoft Visual Studio Solution File, Format Version 12.00
# Visual Studio Version 17
VisualStudioVersion = 17.1.32319.34
MinimumVisualStudioVersion = 10.0.40219.1
Project("{FAE04EC0-301F-11D3-BF4B-00C04F79EFBC}") = "Kim_Valt_Szer_Param", "Kim_Valt_Szer_Param\Kim_Valt_Szer_Param.csproj", "{FF573316-E4BA-4ADD-B22A-501C8299DF61}"
EndProject
Global
	GlobalSection(SolutionConfigurationPlatforms) = preSolution
		Debug|Any CPU = Debug|Any CPU
		Release|Any CPU = Release|Any CPU
	EndGlobalSection
	GlobalSection(ProjectConfigurationPlatforms) = postSolution
		{FF573316-E4BA-4ADD-B22A-501C8299DF61}.Debug|Any CPU.ActiveCfg = Debug|Any CPU
		{FF573316-E4BA-4ADD-B22A-501C8299DF61}.Debug|Any CPU.Build.0 = Debug|Any CPU
		{FF573316-E4BA-4ADD-B22A-501C8299DF61}.Release|Any CPU.ActiveCfg = Release|Any CPU
		{FF573316-E4BA-4ADD-B22A-501C8299DF61}.Release|Any CPU.Build.0 = Release|Any CPU
	EndGlobalSection
	GlobalSection(SolutionProperties) = preSolution
		HideSolutionNode = FALSE
	EndGlobalSection
	GlobalSection(ExtensibilityGlobals) = postSolution
		SolutionGuid = {FEF94C98-F5F2-403E-8723-045236778547}
	EndGlobalSection
EndGlobal
